
Microsoft Visual Studio Solution File, Format Version 12.00
# Visual Studio Version 16
VisualStudioVersion = 16.0.31025.194
MinimumVisualStudioVersion = 10.0.40219.1
Project("{FAE04EC0-301F-11D3-BF4B-00C04F79EFBC}") = "Fish Can Not Live Out Of Water", "Fish Can Not Live Out Of Water.csproj", "{F531FCC8-D685-4392-ABD1-56427B9FAD61}"
EndProject
Global
	GlobalSection(SolutionConfigurationPlatforms) = preSolution
		Debug|Any CPU = Debug|Any CPU
		Release|Any CPU = Release|Any CPU
	EndGlobalSection
	GlobalSection(ProjectConfigurationPlatforms) = postSolution
		{F531FCC8-D685-4392-ABD1-56427B9FAD61}.Debug|Any CPU.ActiveCfg = Debug|Any CPU
		{F531FCC8-D685-4392-ABD1-56427B9FAD61}.Debug|Any CPU.Build.0 = Debug|Any CPU
		{F531FCC8-D685-4392-ABD1-56427B9FAD61}.Release|Any CPU.ActiveCfg = Release|Any CPU
		{F531FCC8-D685-4392-ABD1-56427B9FAD61}.Release|Any CPU.Build.0 = Release|Any CPU
	EndGlobalSection
	GlobalSection(SolutionProperties) = preSolution
		HideSolutionNode = FALSE
	EndGlobalSection
	GlobalSection(ExtensibilityGlobals) = postSolution
		SolutionGuid = {F651CD29-13EC-4AC1-87F8-8334D05D59E2}
	EndGlobalSection
EndGlobal
